
Microsoft Visual Studio Solution File, Format Version 12.00
# Visual Studio Version 17
VisualStudioVersion = 17.2.32616.157
MinimumVisualStudioVersion = 10.0.40219.1
Project("{FAE04EC0-301F-11D3-BF4B-00C04F79EFBC}") = "ProyectoLibreria", "ProyectoLibreria\ProyectoLibreria.csproj", "{4903B317-921C-4FD4-A1EE-474E81966DBB}"
EndProject
Global
	GlobalSection(SolutionConfigurationPlatforms) = preSolution
		Debug|Any CPU = Debug|Any CPU
		Release|Any CPU = Release|Any CPU
	EndGlobalSection
	GlobalSection(ProjectConfigurationPlatforms) = postSolution
		{4903B317-921C-4FD4-A1EE-474E81966DBB}.Debug|Any CPU.ActiveCfg = Debug|Any CPU
		{4903B317-921C-4FD4-A1EE-474E81966DBB}.Debug|Any CPU.Build.0 = Debug|Any CPU
		{4903B317-921C-4FD4-A1EE-474E81966DBB}.Release|Any CPU.ActiveCfg = Release|Any CPU
		{4903B317-921C-4FD4-A1EE-474E81966DBB}.Release|Any CPU.Build.0 = Release|Any CPU
	EndGlobalSection
	GlobalSection(SolutionProperties) = preSolution
		HideSolutionNode = FALSE
	EndGlobalSection
	GlobalSection(ExtensibilityGlobals) = postSolution
		SolutionGuid = {C751E2E2-E0E7-4ABD-9AB4-FF9AEB02A240}
	EndGlobalSection
EndGlobal
