
Microsoft Visual Studio Solution File, Format Version 12.00
# Visual Studio Version 17
VisualStudioVersion = 17.2.32519.379
MinimumVisualStudioVersion = 10.0.40219.1
Project("{9A19103F-16F7-4668-BE54-9A1E7A4F7556}") = "Presentacion1", "Presentacion\Presentacion1.csproj", "{9CFC6BB3-4627-428C-996A-C544F51C876B}"
EndProject
Project("{2150E333-8FDC-42A3-9474-1A3956D46DE8}") = "1. Introduccion a .Net y CSharp", "1. Introduccion a .Net y CSharp", "{779F3CC8-224F-4C01-9195-CD4D09960C5B}"
EndProject
Project("{2150E333-8FDC-42A3-9474-1A3956D46DE8}") = "3.1 Programacion Orientada a Objetos", "3.1 Programacion Orientada a Objetos", "{21C49A52-50B6-45F4-B566-FDEBC62CF220}"
EndProject
Project("{2150E333-8FDC-42A3-9474-1A3956D46DE8}") = "2. Clases y Metodos Estaticos", "2. Clases y Metodos Estaticos", "{662559E4-B3D5-4788-91BE-1D522C46A415}"
EndProject
Project("{9A19103F-16F7-4668-BE54-9A1E7A4F7556}") = "Aplicacion01", "Aplicacion01\Aplicacion01.csproj", "{6CDB234E-B079-49C3-B798-78AE2A2D6598}"
EndProject
Project("{9A19103F-16F7-4668-BE54-9A1E7A4F7556}") = "Aplicacion02", "Aplicacion02\Aplicacion02.csproj", "{CDAD9AD9-6F41-4F7D-BAC9-E20B96F10269}"
EndProject
Project("{9A19103F-16F7-4668-BE54-9A1E7A4F7556}") = "Aplicacion03", "Aplicacion03\Aplicacion03.csproj", "{C0406F36-DB28-4400-A0CF-1A9F4A18DF90}"
EndProject
Project("{9A19103F-16F7-4668-BE54-9A1E7A4F7556}") = "Aplicacion03.1", "Aplicacion03.1\Aplicacion03.1.csproj", "{1A2AB46C-AFDB-4EF7-99A3-73411C82BB12}"
EndProject
Project("{9A19103F-16F7-4668-BE54-9A1E7A4F7556}") = "Presentacion2", "Presentacion2\Presentacion2.csproj", "{EC53FF4B-C00A-4C90-9108-AD4340CFE9A0}"
EndProject
Project("{9A19103F-16F7-4668-BE54-9A1E7A4F7556}") = "SobrecargaMetodos", "Presentacion3\SobrecargaMetodos.csproj", "{4C84D20F-5A09-411A-A89C-84DCABA17727}"
EndProject
Project("{2150E333-8FDC-42A3-9474-1A3956D46DE8}") = "4. Sobrecarga", "4. Sobrecarga", "{B971737A-569D-46A9-ABC1-1D8D956705FE}"
EndProject
Project("{9A19103F-16F7-4668-BE54-9A1E7A4F7556}") = "EjemploUniversal", "103 - El Ejemplo Universal\EjemploUniversal.csproj", "{408A44AE-6E4F-4BF0-88F8-E05A7E665575}"
EndProject
Project("{9A19103F-16F7-4668-BE54-9A1E7A4F7556}") = "NecesitoUnPrestamo", "NecesitoUnPrestamo\NecesitoUnPrestamo.csproj", "{39EF996E-A693-4F85-86D8-ABDCD81FB8C5}"
EndProject
Project("{2150E333-8FDC-42A3-9474-1A3956D46DE8}") = "3.2 Programacion Orientada a Objetos", "3.2 Programacion Orientada a Objetos", "{63ECDF7C-1814-44CE-ADEB-A29163F89F17}"
EndProject
Project("{9A19103F-16F7-4668-BE54-9A1E7A4F7556}") = "Aplicacion4", "Aplicacion4\Aplicacion4.csproj", "{1A83A860-0BAD-4849-AFF7-EBB07E01A500}"
EndProject
Project("{9A19103F-16F7-4668-BE54-9A1E7A4F7556}") = "UI", "UI\UI.csproj", "{4B7730E2-68EB-4359-9E93-CA0357203038}"
EndProject
Project("{9A19103F-16F7-4668-BE54-9A1E7A4F7556}") = "Logica", "Logica\Logica.csproj", "{E140124F-E9EB-40EC-ACB2-AE540A3C2884}"
EndProject
Project("{2150E333-8FDC-42A3-9474-1A3956D46DE8}") = "6. Colecciones", "6. Colecciones", "{5773A6E1-551F-4075-AAFB-B89492E9F9AA}"
EndProject
Project("{9A19103F-16F7-4668-BE54-9A1E7A4F7556}") = "Colecciones", "Colecciones\Colecciones.csproj", "{245F7A0A-3EFF-4288-8381-A952C8D1E096}"
EndProject
Project("{9A19103F-16F7-4668-BE54-9A1E7A4F7556}") = "Biblioteca", "Biblioteca\Biblioteca.csproj", "{1C95CA58-FF3E-4F3A-B30D-271613FD72BF}"
EndProject
Project("{9A19103F-16F7-4668-BE54-9A1E7A4F7556}") = "Vista", "Vista\Vista.csproj", "{AF595AF9-CF7D-4319-ACCE-9888F90A618F}"
EndProject
Project("{9A19103F-16F7-4668-BE54-9A1E7A4F7556}") = "SobrecargaConstructores", "SobrecargaConstructores\SobrecargaConstructores.csproj", "{757E7FF1-6B11-474E-B842-39BC84AA32C2}"
EndProject
Project("{9A19103F-16F7-4668-BE54-9A1E7A4F7556}") = "Ejercicio19_Sumador", "Ejercicio-IO1-Sumador\Ejercicio19_Sumador.csproj", "{FDC00DCA-7C1D-4672-96E2-5D60D8B346BB}"
EndProject
Project("{2150E333-8FDC-42A3-9474-1A3956D46DE8}") = "7. Encapsulamiento", "7. Encapsulamiento", "{10A0FE3B-4A6A-4C72-9671-9B71E7688552}"
EndProject
Project("{9A19103F-16F7-4668-BE54-9A1E7A4F7556}") = "Ejemplo_Encapsulamiento", "Ejemplo_Encapsulamiento\Ejemplo_Encapsulamiento.csproj", "{12801DB6-64A7-4BF1-8A51-456542030F7C}"
EndProject
Project("{9A19103F-16F7-4668-BE54-9A1E7A4F7556}") = "PuestoDeAtencion(Biblioteca)", "PuestoDeAtencion(Biblioteca)\PuestoDeAtencion(Biblioteca).csproj", "{E32D4CC1-9B1B-4EF8-80DF-02465A47854D}"
EndProject
Project("{FAE04EC0-301F-11D3-BF4B-00C04F79EFBC}") = "ConsolaEjercicio31", "ConsolaEjercicio31\ConsolaEjercicio31.csproj", "{A3C84BD3-5EA3-4BC3-BFEC-9EE611853183}"
EndProject
Global
	GlobalSection(SolutionConfigurationPlatforms) = preSolution
		Debug|Any CPU = Debug|Any CPU
		Release|Any CPU = Release|Any CPU
	EndGlobalSection
	GlobalSection(ProjectConfigurationPlatforms) = postSolution
		{9CFC6BB3-4627-428C-996A-C544F51C876B}.Debug|Any CPU.ActiveCfg = Debug|Any CPU
		{9CFC6BB3-4627-428C-996A-C544F51C876B}.Debug|Any CPU.Build.0 = Debug|Any CPU
		{9CFC6BB3-4627-428C-996A-C544F51C876B}.Release|Any CPU.ActiveCfg = Release|Any CPU
		{9CFC6BB3-4627-428C-996A-C544F51C876B}.Release|Any CPU.Build.0 = Release|Any CPU
		{6CDB234E-B079-49C3-B798-78AE2A2D6598}.Debug|Any CPU.ActiveCfg = Debug|Any CPU
		{6CDB234E-B079-49C3-B798-78AE2A2D6598}.Debug|Any CPU.Build.0 = Debug|Any CPU
		{6CDB234E-B079-49C3-B798-78AE2A2D6598}.Release|Any CPU.ActiveCfg = Release|Any CPU
		{6CDB234E-B079-49C3-B798-78AE2A2D6598}.Release|Any CPU.Build.0 = Release|Any CPU
		{CDAD9AD9-6F41-4F7D-BAC9-E20B96F10269}.Debug|Any CPU.ActiveCfg = Debug|Any CPU
		{CDAD9AD9-6F41-4F7D-BAC9-E20B96F10269}.Debug|Any CPU.Build.0 = Debug|Any CPU
		{CDAD9AD9-6F41-4F7D-BAC9-E20B96F10269}.Release|Any CPU.ActiveCfg = Release|Any CPU
		{CDAD9AD9-6F41-4F7D-BAC9-E20B96F10269}.Release|Any CPU.Build.0 = Release|Any CPU
		{C0406F36-DB28-4400-A0CF-1A9F4A18DF90}.Debug|Any CPU.ActiveCfg = Debug|Any CPU
		{C0406F36-DB28-4400-A0CF-1A9F4A18DF90}.Debug|Any CPU.Build.0 = Debug|Any CPU
		{C0406F36-DB28-4400-A0CF-1A9F4A18DF90}.Release|Any CPU.ActiveCfg = Release|Any CPU
		{C0406F36-DB28-4400-A0CF-1A9F4A18DF90}.Release|Any CPU.Build.0 = Release|Any CPU
		{1A2AB46C-AFDB-4EF7-99A3-73411C82BB12}.Debug|Any CPU.ActiveCfg = Debug|Any CPU
		{1A2AB46C-AFDB-4EF7-99A3-73411C82BB12}.Debug|Any CPU.Build.0 = Debug|Any CPU
		{1A2AB46C-AFDB-4EF7-99A3-73411C82BB12}.Release|Any CPU.ActiveCfg = Release|Any CPU
		{1A2AB46C-AFDB-4EF7-99A3-73411C82BB12}.Release|Any CPU.Build.0 = Release|Any CPU
		{EC53FF4B-C00A-4C90-9108-AD4340CFE9A0}.Debug|Any CPU.ActiveCfg = Debug|Any CPU
		{EC53FF4B-C00A-4C90-9108-AD4340CFE9A0}.Debug|Any CPU.Build.0 = Debug|Any CPU
		{EC53FF4B-C00A-4C90-9108-AD4340CFE9A0}.Release|Any CPU.ActiveCfg = Release|Any CPU
		{EC53FF4B-C00A-4C90-9108-AD4340CFE9A0}.Release|Any CPU.Build.0 = Release|Any CPU
		{4C84D20F-5A09-411A-A89C-84DCABA17727}.Debug|Any CPU.ActiveCfg = Debug|Any CPU
		{4C84D20F-5A09-411A-A89C-84DCABA17727}.Debug|Any CPU.Build.0 = Debug|Any CPU
		{4C84D20F-5A09-411A-A89C-84DCABA17727}.Release|Any CPU.ActiveCfg = Release|Any CPU
		{4C84D20F-5A09-411A-A89C-84DCABA17727}.Release|Any CPU.Build.0 = Release|Any CPU
		{408A44AE-6E4F-4BF0-88F8-E05A7E665575}.Debug|Any CPU.ActiveCfg = Debug|Any CPU
		{408A44AE-6E4F-4BF0-88F8-E05A7E665575}.Debug|Any CPU.Build.0 = Debug|Any CPU
		{408A44AE-6E4F-4BF0-88F8-E05A7E665575}.Release|Any CPU.ActiveCfg = Release|Any CPU
		{408A44AE-6E4F-4BF0-88F8-E05A7E665575}.Release|Any CPU.Build.0 = Release|Any CPU
		{39EF996E-A693-4F85-86D8-ABDCD81FB8C5}.Debug|Any CPU.ActiveCfg = Debug|Any CPU
		{39EF996E-A693-4F85-86D8-ABDCD81FB8C5}.Debug|Any CPU.Build.0 = Debug|Any CPU
		{39EF996E-A693-4F85-86D8-ABDCD81FB8C5}.Release|Any CPU.ActiveCfg = Release|Any CPU
		{39EF996E-A693-4F85-86D8-ABDCD81FB8C5}.Release|Any CPU.Build.0 = Release|Any CPU
		{1A83A860-0BAD-4849-AFF7-EBB07E01A500}.Debug|Any CPU.ActiveCfg = Debug|Any CPU
		{1A83A860-0BAD-4849-AFF7-EBB07E01A500}.Debug|Any CPU.Build.0 = Debug|Any CPU
		{1A83A860-0BAD-4849-AFF7-EBB07E01A500}.Release|Any CPU.ActiveCfg = Release|Any CPU
		{1A83A860-0BAD-4849-AFF7-EBB07E01A500}.Release|Any CPU.Build.0 = Release|Any CPU
		{4B7730E2-68EB-4359-9E93-CA0357203038}.Debug|Any CPU.ActiveCfg = Debug|Any CPU
		{4B7730E2-68EB-4359-9E93-CA0357203038}.Debug|Any CPU.Build.0 = Debug|Any CPU
		{4B7730E2-68EB-4359-9E93-CA0357203038}.Release|Any CPU.ActiveCfg = Release|Any CPU
		{4B7730E2-68EB-4359-9E93-CA0357203038}.Release|Any CPU.Build.0 = Release|Any CPU
		{E140124F-E9EB-40EC-ACB2-AE540A3C2884}.Debug|Any CPU.ActiveCfg = Debug|Any CPU
		{E140124F-E9EB-40EC-ACB2-AE540A3C2884}.Debug|Any CPU.Build.0 = Debug|Any CPU
		{E140124F-E9EB-40EC-ACB2-AE540A3C2884}.Release|Any CPU.ActiveCfg = Release|Any CPU
		{E140124F-E9EB-40EC-ACB2-AE540A3C2884}.Release|Any CPU.Build.0 = Release|Any CPU
		{245F7A0A-3EFF-4288-8381-A952C8D1E096}.Debug|Any CPU.ActiveCfg = Debug|Any CPU
		{245F7A0A-3EFF-4288-8381-A952C8D1E096}.Debug|Any CPU.Build.0 = Debug|Any CPU
		{245F7A0A-3EFF-4288-8381-A952C8D1E096}.Release|Any CPU.ActiveCfg = Release|Any CPU
		{245F7A0A-3EFF-4288-8381-A952C8D1E096}.Release|Any CPU.Build.0 = Release|Any CPU
		{1C95CA58-FF3E-4F3A-B30D-271613FD72BF}.Debug|Any CPU.ActiveCfg = Debug|Any CPU
		{1C95CA58-FF3E-4F3A-B30D-271613FD72BF}.Debug|Any CPU.Build.0 = Debug|Any CPU
		{1C95CA58-FF3E-4F3A-B30D-271613FD72BF}.Release|Any CPU.ActiveCfg = Release|Any CPU
		{1C95CA58-FF3E-4F3A-B30D-271613FD72BF}.Release|Any CPU.Build.0 = Release|Any CPU
		{AF595AF9-CF7D-4319-ACCE-9888F90A618F}.Debug|Any CPU.ActiveCfg = Debug|Any CPU
		{AF595AF9-CF7D-4319-ACCE-9888F90A618F}.Debug|Any CPU.Build.0 = Debug|Any CPU
		{AF595AF9-CF7D-4319-ACCE-9888F90A618F}.Release|Any CPU.ActiveCfg = Release|Any CPU
		{AF595AF9-CF7D-4319-ACCE-9888F90A618F}.Release|Any CPU.Build.0 = Release|Any CPU
		{757E7FF1-6B11-474E-B842-39BC84AA32C2}.Debug|Any CPU.ActiveCfg = Debug|Any CPU
		{757E7FF1-6B11-474E-B842-39BC84AA32C2}.Debug|Any CPU.Build.0 = Debug|Any CPU
		{757E7FF1-6B11-474E-B842-39BC84AA32C2}.Release|Any CPU.ActiveCfg = Release|Any CPU
		{757E7FF1-6B11-474E-B842-39BC84AA32C2}.Release|Any CPU.Build.0 = Release|Any CPU
		{FDC00DCA-7C1D-4672-96E2-5D60D8B346BB}.Debug|Any CPU.ActiveCfg = Debug|Any CPU
		{FDC00DCA-7C1D-4672-96E2-5D60D8B346BB}.Debug|Any CPU.Build.0 = Debug|Any CPU
		{FDC00DCA-7C1D-4672-96E2-5D60D8B346BB}.Release|Any CPU.ActiveCfg = Release|Any CPU
		{FDC00DCA-7C1D-4672-96E2-5D60D8B346BB}.Release|Any CPU.Build.0 = Release|Any CPU
		{12801DB6-64A7-4BF1-8A51-456542030F7C}.Debug|Any CPU.ActiveCfg = Debug|Any CPU
		{12801DB6-64A7-4BF1-8A51-456542030F7C}.Debug|Any CPU.Build.0 = Debug|Any CPU
		{12801DB6-64A7-4BF1-8A51-456542030F7C}.Release|Any CPU.ActiveCfg = Release|Any CPU
		{12801DB6-64A7-4BF1-8A51-456542030F7C}.Release|Any CPU.Build.0 = Release|Any CPU
		{E32D4CC1-9B1B-4EF8-80DF-02465A47854D}.Debug|Any CPU.ActiveCfg = Debug|Any CPU
		{E32D4CC1-9B1B-4EF8-80DF-02465A47854D}.Debug|Any CPU.Build.0 = Debug|Any CPU
		{E32D4CC1-9B1B-4EF8-80DF-02465A47854D}.Release|Any CPU.ActiveCfg = Release|Any CPU
		{E32D4CC1-9B1B-4EF8-80DF-02465A47854D}.Release|Any CPU.Build.0 = Release|Any CPU
		{A3C84BD3-5EA3-4BC3-BFEC-9EE611853183}.Debug|Any CPU.ActiveCfg = Debug|Any CPU
		{A3C84BD3-5EA3-4BC3-BFEC-9EE611853183}.Debug|Any CPU.Build.0 = Debug|Any CPU
		{A3C84BD3-5EA3-4BC3-BFEC-9EE611853183}.Release|Any CPU.ActiveCfg = Release|Any CPU
		{A3C84BD3-5EA3-4BC3-BFEC-9EE611853183}.Release|Any CPU.Build.0 = Release|Any CPU
	EndGlobalSection
	GlobalSection(SolutionProperties) = preSolution
		HideSolutionNode = FALSE
	EndGlobalSection
	GlobalSection(NestedProjects) = preSolution
		{9CFC6BB3-4627-428C-996A-C544F51C876B} = {779F3CC8-224F-4C01-9195-CD4D09960C5B}
		{6CDB234E-B079-49C3-B798-78AE2A2D6598} = {662559E4-B3D5-4788-91BE-1D522C46A415}
		{CDAD9AD9-6F41-4F7D-BAC9-E20B96F10269} = {662559E4-B3D5-4788-91BE-1D522C46A415}
		{C0406F36-DB28-4400-A0CF-1A9F4A18DF90} = {662559E4-B3D5-4788-91BE-1D522C46A415}
		{1A2AB46C-AFDB-4EF7-99A3-73411C82BB12} = {662559E4-B3D5-4788-91BE-1D522C46A415}
		{EC53FF4B-C00A-4C90-9108-AD4340CFE9A0} = {21C49A52-50B6-45F4-B566-FDEBC62CF220}
		{4C84D20F-5A09-411A-A89C-84DCABA17727} = {B971737A-569D-46A9-ABC1-1D8D956705FE}
		{408A44AE-6E4F-4BF0-88F8-E05A7E665575} = {21C49A52-50B6-45F4-B566-FDEBC62CF220}
		{39EF996E-A693-4F85-86D8-ABDCD81FB8C5} = {21C49A52-50B6-45F4-B566-FDEBC62CF220}
		{1A83A860-0BAD-4849-AFF7-EBB07E01A500} = {63ECDF7C-1814-44CE-ADEB-A29163F89F17}
		{4B7730E2-68EB-4359-9E93-CA0357203038} = {63ECDF7C-1814-44CE-ADEB-A29163F89F17}
		{E140124F-E9EB-40EC-ACB2-AE540A3C2884} = {63ECDF7C-1814-44CE-ADEB-A29163F89F17}
		{245F7A0A-3EFF-4288-8381-A952C8D1E096} = {5773A6E1-551F-4075-AAFB-B89492E9F9AA}
		{1C95CA58-FF3E-4F3A-B30D-271613FD72BF} = {5773A6E1-551F-4075-AAFB-B89492E9F9AA}
		{AF595AF9-CF7D-4319-ACCE-9888F90A618F} = {5773A6E1-551F-4075-AAFB-B89492E9F9AA}
		{757E7FF1-6B11-474E-B842-39BC84AA32C2} = {B971737A-569D-46A9-ABC1-1D8D956705FE}
		{FDC00DCA-7C1D-4672-96E2-5D60D8B346BB} = {B971737A-569D-46A9-ABC1-1D8D956705FE}
		{12801DB6-64A7-4BF1-8A51-456542030F7C} = {10A0FE3B-4A6A-4C72-9671-9B71E7688552}
		{E32D4CC1-9B1B-4EF8-80DF-02465A47854D} = {10A0FE3B-4A6A-4C72-9671-9B71E7688552}
		{A3C84BD3-5EA3-4BC3-BFEC-9EE611853183} = {10A0FE3B-4A6A-4C72-9671-9B71E7688552}
	EndGlobalSection
	GlobalSection(ExtensibilityGlobals) = postSolution
		SolutionGuid = {A6F57250-5CFC-44EB-B114-9F0685BCC033}
	EndGlobalSection
EndGlobal
