
Microsoft Visual Studio Solution File, Format Version 12.00
# Visual Studio Version 17
VisualStudioVersion = 17.2.32519.379
MinimumVisualStudioVersion = 10.0.40219.1
Project("{9A19103F-16F7-4668-BE54-9A1E7A4F7556}") = "PrimerPrograma", "primerPrograma\PrimerPrograma.csproj", "{9F57A3C2-FCC0-4D9C-B2F5-105F4FCD7EF7}"
EndProject
Project("{9A19103F-16F7-4668-BE54-9A1E7A4F7556}") = "Calculadora", "Calculadora\Calculadora.csproj", "{0A5EF8C2-1685-4922-B493-4DDF85D46DBB}"
EndProject
Project("{2150E333-8FDC-42A3-9474-1A3956D46DE8}") = "Calculadora", "Calculadora", "{55174DE1-0CB7-4713-A558-805233CAC2B8}"
EndProject
Project("{9A19103F-16F7-4668-BE54-9A1E7A4F7556}") = "Ejercicio01", "Ejercicio1\Ejercicio01.csproj", "{F6AFE8A3-4981-42DE-9385-CD57CAFDF6D8}"
EndProject
Project("{9A19103F-16F7-4668-BE54-9A1E7A4F7556}") = "Ejercicio02", "Ejercicio2\Ejercicio02.csproj", "{0D8D206B-9FCA-4775-8805-D68FA750E5EC}"
EndProject
Project("{9A19103F-16F7-4668-BE54-9A1E7A4F7556}") = "Ejercicio03", "Ejercicio3\Ejercicio03.csproj", "{14954BB6-3844-4161-B1AB-ED2CB2048386}"
EndProject
Project("{9A19103F-16F7-4668-BE54-9A1E7A4F7556}") = "Ejercicio04", "ejercicio4\Ejercicio04.csproj", "{4E8F3D8E-185D-4864-80B2-C0A93D39A5D4}"
EndProject
Project("{2150E333-8FDC-42A3-9474-1A3956D46DE8}") = "1. Etapa Inicial", "1. Etapa Inicial", "{6389C422-C3EC-4128-864D-FC60097E945D}"
EndProject
Project("{2150E333-8FDC-42A3-9474-1A3956D46DE8}") = "2. Primer Programa", "2. Primer Programa", "{5969498A-C805-4EDA-868E-F0CF77C9D97B}"
EndProject
Project("{2150E333-8FDC-42A3-9474-1A3956D46DE8}") = "8. Funciones", "8. Funciones", "{21703AF0-46E6-4134-8C46-CC30F67634D9}"
EndProject
Project("{FAE04EC0-301F-11D3-BF4B-00C04F79EFBC}") = "Funciones", "Funciones\Funciones.csproj", "{13D7E3DB-703A-4C6C-92B7-BAD671919510}"
EndProject
Global
	GlobalSection(SolutionConfigurationPlatforms) = preSolution
		Debug|Any CPU = Debug|Any CPU
		Release|Any CPU = Release|Any CPU
	EndGlobalSection
	GlobalSection(ProjectConfigurationPlatforms) = postSolution
		{9F57A3C2-FCC0-4D9C-B2F5-105F4FCD7EF7}.Debug|Any CPU.ActiveCfg = Debug|Any CPU
		{9F57A3C2-FCC0-4D9C-B2F5-105F4FCD7EF7}.Debug|Any CPU.Build.0 = Debug|Any CPU
		{9F57A3C2-FCC0-4D9C-B2F5-105F4FCD7EF7}.Release|Any CPU.ActiveCfg = Release|Any CPU
		{9F57A3C2-FCC0-4D9C-B2F5-105F4FCD7EF7}.Release|Any CPU.Build.0 = Release|Any CPU
		{0A5EF8C2-1685-4922-B493-4DDF85D46DBB}.Debug|Any CPU.ActiveCfg = Debug|Any CPU
		{0A5EF8C2-1685-4922-B493-4DDF85D46DBB}.Debug|Any CPU.Build.0 = Debug|Any CPU
		{0A5EF8C2-1685-4922-B493-4DDF85D46DBB}.Release|Any CPU.ActiveCfg = Release|Any CPU
		{0A5EF8C2-1685-4922-B493-4DDF85D46DBB}.Release|Any CPU.Build.0 = Release|Any CPU
		{F6AFE8A3-4981-42DE-9385-CD57CAFDF6D8}.Debug|Any CPU.ActiveCfg = Debug|Any CPU
		{F6AFE8A3-4981-42DE-9385-CD57CAFDF6D8}.Debug|Any CPU.Build.0 = Debug|Any CPU
		{F6AFE8A3-4981-42DE-9385-CD57CAFDF6D8}.Release|Any CPU.ActiveCfg = Release|Any CPU
		{F6AFE8A3-4981-42DE-9385-CD57CAFDF6D8}.Release|Any CPU.Build.0 = Release|Any CPU
		{0D8D206B-9FCA-4775-8805-D68FA750E5EC}.Debug|Any CPU.ActiveCfg = Debug|Any CPU
		{0D8D206B-9FCA-4775-8805-D68FA750E5EC}.Debug|Any CPU.Build.0 = Debug|Any CPU
		{0D8D206B-9FCA-4775-8805-D68FA750E5EC}.Release|Any CPU.ActiveCfg = Release|Any CPU
		{0D8D206B-9FCA-4775-8805-D68FA750E5EC}.Release|Any CPU.Build.0 = Release|Any CPU
		{14954BB6-3844-4161-B1AB-ED2CB2048386}.Debug|Any CPU.ActiveCfg = Debug|Any CPU
		{14954BB6-3844-4161-B1AB-ED2CB2048386}.Debug|Any CPU.Build.0 = Debug|Any CPU
		{14954BB6-3844-4161-B1AB-ED2CB2048386}.Release|Any CPU.ActiveCfg = Release|Any CPU
		{14954BB6-3844-4161-B1AB-ED2CB2048386}.Release|Any CPU.Build.0 = Release|Any CPU
		{4E8F3D8E-185D-4864-80B2-C0A93D39A5D4}.Debug|Any CPU.ActiveCfg = Debug|Any CPU
		{4E8F3D8E-185D-4864-80B2-C0A93D39A5D4}.Debug|Any CPU.Build.0 = Debug|Any CPU
		{4E8F3D8E-185D-4864-80B2-C0A93D39A5D4}.Release|Any CPU.ActiveCfg = Release|Any CPU
		{4E8F3D8E-185D-4864-80B2-C0A93D39A5D4}.Release|Any CPU.Build.0 = Release|Any CPU
		{13D7E3DB-703A-4C6C-92B7-BAD671919510}.Debug|Any CPU.ActiveCfg = Debug|Any CPU
		{13D7E3DB-703A-4C6C-92B7-BAD671919510}.Debug|Any CPU.Build.0 = Debug|Any CPU
		{13D7E3DB-703A-4C6C-92B7-BAD671919510}.Release|Any CPU.ActiveCfg = Release|Any CPU
		{13D7E3DB-703A-4C6C-92B7-BAD671919510}.Release|Any CPU.Build.0 = Release|Any CPU
	EndGlobalSection
	GlobalSection(SolutionProperties) = preSolution
		HideSolutionNode = FALSE
	EndGlobalSection
	GlobalSection(NestedProjects) = preSolution
		{9F57A3C2-FCC0-4D9C-B2F5-105F4FCD7EF7} = {6389C422-C3EC-4128-864D-FC60097E945D}
		{0A5EF8C2-1685-4922-B493-4DDF85D46DBB} = {55174DE1-0CB7-4713-A558-805233CAC2B8}
		{F6AFE8A3-4981-42DE-9385-CD57CAFDF6D8} = {5969498A-C805-4EDA-868E-F0CF77C9D97B}
		{0D8D206B-9FCA-4775-8805-D68FA750E5EC} = {5969498A-C805-4EDA-868E-F0CF77C9D97B}
		{14954BB6-3844-4161-B1AB-ED2CB2048386} = {5969498A-C805-4EDA-868E-F0CF77C9D97B}
		{4E8F3D8E-185D-4864-80B2-C0A93D39A5D4} = {5969498A-C805-4EDA-868E-F0CF77C9D97B}
		{13D7E3DB-703A-4C6C-92B7-BAD671919510} = {21703AF0-46E6-4134-8C46-CC30F67634D9}
	EndGlobalSection
	GlobalSection(ExtensibilityGlobals) = postSolution
		SolutionGuid = {1AF27B93-2EBE-43DA-8A40-6A8DDFC02F82}
	EndGlobalSection
EndGlobal
