
Microsoft Visual Studio Solution File, Format Version 12.00
# Visual Studio Version 17
VisualStudioVersion = 17.2.32519.379
MinimumVisualStudioVersion = 10.0.40219.1
Project("{9A19103F-16F7-4668-BE54-9A1E7A4F7556}") = "PrimerPrograma", "primerPrograma\PrimerPrograma.csproj", "{9F57A3C2-FCC0-4D9C-B2F5-105F4FCD7EF7}"
EndProject
Project("{9A19103F-16F7-4668-BE54-9A1E7A4F7556}") = "Calculadora", "Calculadora\Calculadora.csproj", "{0A5EF8C2-1685-4922-B493-4DDF85D46DBB}"
EndProject
Project("{2150E333-8FDC-42A3-9474-1A3956D46DE8}") = "Calculadora", "Calculadora", "{55174DE1-0CB7-4713-A558-805233CAC2B8}"
EndProject
Project("{2150E333-8FDC-42A3-9474-1A3956D46DE8}") = "1. Etapa Inicial", "1. Etapa Inicial", "{6389C422-C3EC-4128-864D-FC60097E945D}"
EndProject
Project("{2150E333-8FDC-42A3-9474-1A3956D46DE8}") = "2. Primer Programa", "2. Primer Programa", "{5969498A-C805-4EDA-868E-F0CF77C9D97B}"
EndProject
Project("{2150E333-8FDC-42A3-9474-1A3956D46DE8}") = "8. Funciones", "8. Funciones", "{21703AF0-46E6-4134-8C46-CC30F67634D9}"
EndProject
Project("{9A19103F-16F7-4668-BE54-9A1E7A4F7556}") = "Funciones", "Funciones\Funciones.csproj", "{13D7E3DB-703A-4C6C-92B7-BAD671919510}"
EndProject
Project("{2150E333-8FDC-42A3-9474-1A3956D46DE8}") = "3. Condicionales", "3. Condicionales", "{ACABA833-653B-4DD9-AA40-724ACBE8A7E6}"
EndProject
Project("{9A19103F-16F7-4668-BE54-9A1E7A4F7556}") = "ConsolaParaCondicionales", "ConsolaParaCondicionales\ConsolaParaCondicionales.csproj", "{B898670D-8341-40EE-81C0-D902BA5B3B81}"
EndProject
Project("{FAE04EC0-301F-11D3-BF4B-00C04F79EFBC}") = "E.Secuencial.1", "E.Secuencial.1\E.Secuencial.1.csproj", "{296D3361-F296-4037-B410-47F4B8E1D20F}"
EndProject
Project("{FAE04EC0-301F-11D3-BF4B-00C04F79EFBC}") = "E.Secuencial.2", "E.Secuencial.2\E.Secuencial.2.csproj", "{8566319B-4CC4-4076-B959-3E577B6B3B47}"
EndProject
Project("{FAE04EC0-301F-11D3-BF4B-00C04F79EFBC}") = "E.Secuencial.3", "E.Secuencial.3\E.Secuencial.3.csproj", "{3F542C30-C35C-4A38-B96C-5277B54DFDBB}"
EndProject
Project("{FAE04EC0-301F-11D3-BF4B-00C04F79EFBC}") = "E.Secuencial.4", "E.Secuencial.4\E.Secuencial.4.csproj", "{0920B5C6-5AB4-45B4-8609-6D962199AFBC}"
EndProject
Project("{FAE04EC0-301F-11D3-BF4B-00C04F79EFBC}") = "E.Secuencial.5", "E.Secuencial.5\E.Secuencial.5.csproj", "{A17F1CC5-FCA5-4FE1-B43D-685B6C91C49C}"
EndProject
Global
	GlobalSection(SolutionConfigurationPlatforms) = preSolution
		Debug|Any CPU = Debug|Any CPU
		Release|Any CPU = Release|Any CPU
	EndGlobalSection
	GlobalSection(ProjectConfigurationPlatforms) = postSolution
		{9F57A3C2-FCC0-4D9C-B2F5-105F4FCD7EF7}.Debug|Any CPU.ActiveCfg = Debug|Any CPU
		{9F57A3C2-FCC0-4D9C-B2F5-105F4FCD7EF7}.Debug|Any CPU.Build.0 = Debug|Any CPU
		{9F57A3C2-FCC0-4D9C-B2F5-105F4FCD7EF7}.Release|Any CPU.ActiveCfg = Release|Any CPU
		{9F57A3C2-FCC0-4D9C-B2F5-105F4FCD7EF7}.Release|Any CPU.Build.0 = Release|Any CPU
		{0A5EF8C2-1685-4922-B493-4DDF85D46DBB}.Debug|Any CPU.ActiveCfg = Debug|Any CPU
		{0A5EF8C2-1685-4922-B493-4DDF85D46DBB}.Debug|Any CPU.Build.0 = Debug|Any CPU
		{0A5EF8C2-1685-4922-B493-4DDF85D46DBB}.Release|Any CPU.ActiveCfg = Release|Any CPU
		{0A5EF8C2-1685-4922-B493-4DDF85D46DBB}.Release|Any CPU.Build.0 = Release|Any CPU
		{13D7E3DB-703A-4C6C-92B7-BAD671919510}.Debug|Any CPU.ActiveCfg = Debug|Any CPU
		{13D7E3DB-703A-4C6C-92B7-BAD671919510}.Debug|Any CPU.Build.0 = Debug|Any CPU
		{13D7E3DB-703A-4C6C-92B7-BAD671919510}.Release|Any CPU.ActiveCfg = Release|Any CPU
		{13D7E3DB-703A-4C6C-92B7-BAD671919510}.Release|Any CPU.Build.0 = Release|Any CPU
		{B898670D-8341-40EE-81C0-D902BA5B3B81}.Debug|Any CPU.ActiveCfg = Debug|Any CPU
		{B898670D-8341-40EE-81C0-D902BA5B3B81}.Debug|Any CPU.Build.0 = Debug|Any CPU
		{B898670D-8341-40EE-81C0-D902BA5B3B81}.Release|Any CPU.ActiveCfg = Release|Any CPU
		{B898670D-8341-40EE-81C0-D902BA5B3B81}.Release|Any CPU.Build.0 = Release|Any CPU
		{296D3361-F296-4037-B410-47F4B8E1D20F}.Debug|Any CPU.ActiveCfg = Debug|Any CPU
		{296D3361-F296-4037-B410-47F4B8E1D20F}.Debug|Any CPU.Build.0 = Debug|Any CPU
		{296D3361-F296-4037-B410-47F4B8E1D20F}.Release|Any CPU.ActiveCfg = Release|Any CPU
		{296D3361-F296-4037-B410-47F4B8E1D20F}.Release|Any CPU.Build.0 = Release|Any CPU
		{8566319B-4CC4-4076-B959-3E577B6B3B47}.Debug|Any CPU.ActiveCfg = Debug|Any CPU
		{8566319B-4CC4-4076-B959-3E577B6B3B47}.Debug|Any CPU.Build.0 = Debug|Any CPU
		{8566319B-4CC4-4076-B959-3E577B6B3B47}.Release|Any CPU.ActiveCfg = Release|Any CPU
		{8566319B-4CC4-4076-B959-3E577B6B3B47}.Release|Any CPU.Build.0 = Release|Any CPU
		{3F542C30-C35C-4A38-B96C-5277B54DFDBB}.Debug|Any CPU.ActiveCfg = Debug|Any CPU
		{3F542C30-C35C-4A38-B96C-5277B54DFDBB}.Debug|Any CPU.Build.0 = Debug|Any CPU
		{3F542C30-C35C-4A38-B96C-5277B54DFDBB}.Release|Any CPU.ActiveCfg = Release|Any CPU
		{3F542C30-C35C-4A38-B96C-5277B54DFDBB}.Release|Any CPU.Build.0 = Release|Any CPU
		{0920B5C6-5AB4-45B4-8609-6D962199AFBC}.Debug|Any CPU.ActiveCfg = Debug|Any CPU
		{0920B5C6-5AB4-45B4-8609-6D962199AFBC}.Debug|Any CPU.Build.0 = Debug|Any CPU
		{0920B5C6-5AB4-45B4-8609-6D962199AFBC}.Release|Any CPU.ActiveCfg = Release|Any CPU
		{0920B5C6-5AB4-45B4-8609-6D962199AFBC}.Release|Any CPU.Build.0 = Release|Any CPU
		{A17F1CC5-FCA5-4FE1-B43D-685B6C91C49C}.Debug|Any CPU.ActiveCfg = Debug|Any CPU
		{A17F1CC5-FCA5-4FE1-B43D-685B6C91C49C}.Debug|Any CPU.Build.0 = Debug|Any CPU
		{A17F1CC5-FCA5-4FE1-B43D-685B6C91C49C}.Release|Any CPU.ActiveCfg = Release|Any CPU
		{A17F1CC5-FCA5-4FE1-B43D-685B6C91C49C}.Release|Any CPU.Build.0 = Release|Any CPU
	EndGlobalSection
	GlobalSection(SolutionProperties) = preSolution
		HideSolutionNode = FALSE
	EndGlobalSection
	GlobalSection(NestedProjects) = preSolution
		{9F57A3C2-FCC0-4D9C-B2F5-105F4FCD7EF7} = {6389C422-C3EC-4128-864D-FC60097E945D}
		{0A5EF8C2-1685-4922-B493-4DDF85D46DBB} = {55174DE1-0CB7-4713-A558-805233CAC2B8}
		{13D7E3DB-703A-4C6C-92B7-BAD671919510} = {21703AF0-46E6-4134-8C46-CC30F67634D9}
		{B898670D-8341-40EE-81C0-D902BA5B3B81} = {ACABA833-653B-4DD9-AA40-724ACBE8A7E6}
		{296D3361-F296-4037-B410-47F4B8E1D20F} = {5969498A-C805-4EDA-868E-F0CF77C9D97B}
		{8566319B-4CC4-4076-B959-3E577B6B3B47} = {5969498A-C805-4EDA-868E-F0CF77C9D97B}
		{3F542C30-C35C-4A38-B96C-5277B54DFDBB} = {5969498A-C805-4EDA-868E-F0CF77C9D97B}
		{0920B5C6-5AB4-45B4-8609-6D962199AFBC} = {5969498A-C805-4EDA-868E-F0CF77C9D97B}
		{A17F1CC5-FCA5-4FE1-B43D-685B6C91C49C} = {5969498A-C805-4EDA-868E-F0CF77C9D97B}
	EndGlobalSection
	GlobalSection(ExtensibilityGlobals) = postSolution
		SolutionGuid = {1AF27B93-2EBE-43DA-8A40-6A8DDFC02F82}
	EndGlobalSection
EndGlobal
